
Microsoft Visual Studio Solution File, Format Version 12.00
# Visual Studio 15
VisualStudioVersion = 15.0.26430.16
MinimumVisualStudioVersion = 10.0.40219.1
Project("{FAE04EC0-301F-11D3-BF4B-00C04F79EFBC}") = "BA_Konzept.Domain", "Ba_Konzept_Domain\BA_Konzept.Domain.csproj", "{501B3C23-24BC-4BA1-A8B0-96BA89F5C3DE}"
EndProject
Project("{FAE04EC0-301F-11D3-BF4B-00C04F79EFBC}") = "BA_Konzept3", "BA_Konzept3\BA_Konzept3.csproj", "{073F3013-46DF-442A-8F48-843AFABAEE93}"
EndProject
Global
	GlobalSection(SolutionConfigurationPlatforms) = preSolution
		Debug|Any CPU = Debug|Any CPU
		Release|Any CPU = Release|Any CPU
	EndGlobalSection
	GlobalSection(ProjectConfigurationPlatforms) = postSolution
		{501B3C23-24BC-4BA1-A8B0-96BA89F5C3DE}.Debug|Any CPU.ActiveCfg = Debug|Any CPU
		{501B3C23-24BC-4BA1-A8B0-96BA89F5C3DE}.Debug|Any CPU.Build.0 = Debug|Any CPU
		{501B3C23-24BC-4BA1-A8B0-96BA89F5C3DE}.Release|Any CPU.ActiveCfg = Release|Any CPU
		{501B3C23-24BC-4BA1-A8B0-96BA89F5C3DE}.Release|Any CPU.Build.0 = Release|Any CPU
		{073F3013-46DF-442A-8F48-843AFABAEE93}.Debug|Any CPU.ActiveCfg = Debug|Any CPU
		{073F3013-46DF-442A-8F48-843AFABAEE93}.Debug|Any CPU.Build.0 = Debug|Any CPU
		{073F3013-46DF-442A-8F48-843AFABAEE93}.Release|Any CPU.ActiveCfg = Release|Any CPU
		{073F3013-46DF-442A-8F48-843AFABAEE93}.Release|Any CPU.Build.0 = Release|Any CPU
	EndGlobalSection
	GlobalSection(SolutionProperties) = preSolution
		HideSolutionNode = FALSE
	EndGlobalSection
EndGlobal
